
Microsoft Visual Studio Solution File, Format Version 12.00
# Visual Studio 15
VisualStudioVersion = 15.0.26430.14
MinimumVisualStudioVersion = 10.0.40219.1
Project("{9A19103F-16F7-4668-BE54-9A1E7A4F7556}") = "SportsStore", "SportsStore\SportsStore.csproj", "{11B19F60-B876-451F-BFFD-4132962FB3B2}"
EndProject
Project("{2150E333-8FDC-42A3-9474-1A3956D46DE8}") = "test", "test", "{E69A46A9-9E0D-487C-BA40-89F5D142A264}"
EndProject
Project("{FAE04EC0-301F-11D3-BF4B-00C04F79EFBC}") = "SportsStore.Tests", "test\SportsStore.Tests\SportsStore.Tests.csproj", "{A5E5E8E2-F760-4360-A34B-BF1D1B28293A}"
EndProject
Global
	GlobalSection(SolutionConfigurationPlatforms) = preSolution
		Debug|Any CPU = Debug|Any CPU
		Release|Any CPU = Release|Any CPU
	EndGlobalSection
	GlobalSection(ProjectConfigurationPlatforms) = postSolution
		{11B19F60-B876-451F-BFFD-4132962FB3B2}.Debug|Any CPU.ActiveCfg = Debug|Any CPU
		{11B19F60-B876-451F-BFFD-4132962FB3B2}.Debug|Any CPU.Build.0 = Debug|Any CPU
		{11B19F60-B876-451F-BFFD-4132962FB3B2}.Release|Any CPU.ActiveCfg = Release|Any CPU
		{11B19F60-B876-451F-BFFD-4132962FB3B2}.Release|Any CPU.Build.0 = Release|Any CPU
		{A5E5E8E2-F760-4360-A34B-BF1D1B28293A}.Debug|Any CPU.ActiveCfg = Debug|Any CPU
		{A5E5E8E2-F760-4360-A34B-BF1D1B28293A}.Debug|Any CPU.Build.0 = Debug|Any CPU
		{A5E5E8E2-F760-4360-A34B-BF1D1B28293A}.Release|Any CPU.ActiveCfg = Release|Any CPU
		{A5E5E8E2-F760-4360-A34B-BF1D1B28293A}.Release|Any CPU.Build.0 = Release|Any CPU
	EndGlobalSection
	GlobalSection(SolutionProperties) = preSolution
		HideSolutionNode = FALSE
	EndGlobalSection
	GlobalSection(NestedProjects) = preSolution
		{A5E5E8E2-F760-4360-A34B-BF1D1B28293A} = {E69A46A9-9E0D-487C-BA40-89F5D142A264}
	EndGlobalSection
EndGlobal
